
Microsoft Visual Studio Solution File, Format Version 12.00
# Visual Studio Version 16
VisualStudioVersion = 16.0.32413.511
MinimumVisualStudioVersion = 10.0.40219.1
Project("{FAE04EC0-301F-11D3-BF4B-00C04F79EFBC}") = "Restaurant", "Restaurant.csproj", "{B7B9921D-2D59-4383-BB72-BAD8295A1AFE}"
EndProject
Global
	GlobalSection(SolutionConfigurationPlatforms) = preSolution
		Debug|Any CPU = Debug|Any CPU
		Release|Any CPU = Release|Any CPU
	EndGlobalSection
	GlobalSection(ProjectConfigurationPlatforms) = postSolution
		{B7B9921D-2D59-4383-BB72-BAD8295A1AFE}.Debug|Any CPU.ActiveCfg = Debug|Any CPU
		{B7B9921D-2D59-4383-BB72-BAD8295A1AFE}.Debug|Any CPU.Build.0 = Debug|Any CPU
		{B7B9921D-2D59-4383-BB72-BAD8295A1AFE}.Release|Any CPU.ActiveCfg = Release|Any CPU
		{B7B9921D-2D59-4383-BB72-BAD8295A1AFE}.Release|Any CPU.Build.0 = Release|Any CPU
	EndGlobalSection
	GlobalSection(SolutionProperties) = preSolution
		HideSolutionNode = FALSE
	EndGlobalSection
	GlobalSection(ExtensibilityGlobals) = postSolution
		SolutionGuid = {04B12E4D-404E-46D9-BBEC-1D474D0C8A50}
	EndGlobalSection
EndGlobal
